PODS:
  - camera (0.0.1):
    - Flutter
  - Flutter (1.0.0)
  - flutter_native_image (0.0.1):
    - Flutter
  - image_cropper (0.0.4):
    - Flutter
    - TOCropViewController (~> 2.6.1)
  - image_editor (0.0.1):
    - Flutter
  - path_provider_ios (0.0.1):
    - Flutter
  - photo_manager (2.0.0):
    - Flutter
    - FlutterMacOS
  - TOCropViewController (2.6.1)

DEPENDENCIES:
  - camera (from `.symlinks/plugins/camera/ios`)
  - Flutter (from `Flutter`)
  - flutter_native_image (from `.symlinks/plugins/flutter_native_image/ios`)
  - image_cropper (from `.symlinks/plugins/image_cropper/ios`)
  - image_editor (from `.symlinks/plugins/image_editor/ios`)
  - path_provider_ios (from `.symlinks/plugins/path_provider_ios/ios`)
  - photo_manager (from `.symlinks/plugins/photo_manager/ios`)

SPEC REPOS:
  trunk:
    - TOCropViewController

EXTERNAL SOURCES:
  camera:
    :path: ".symlinks/plugins/camera/ios"
  Flutter:
    :path: Flutter
  flutter_native_image:
    :path: ".symlinks/plugins/flutter_native_image/ios"
  image_cropper:
    :path: ".symlinks/plugins/image_cropper/ios"
  image_editor:
    :path: ".symlinks/plugins/image_editor/ios"
  path_provider_ios:
    :path: ".symlinks/plugins/path_provider_ios/ios"
  photo_manager:
    :path: ".symlinks/plugins/photo_manager/ios"

SPEC CHECKSUMS:
  camera: 9993f92f2c793e87b65e35f3a23c70582afb05b1
  Flutter: 405776dd0763d7e32a8f989d4e271ca1317d080c
  flutter_native_image: 9c0b7451838484458e5b0fae007b86a4c2d4bdfe
  image_cropper: 60c2789d1f1a78c873235d4319ca0c34a69f2d98
  image_editor: c1d038630eedea60d2dee9c14f36aa66c7f9cfab
  path_provider_ios: 7d7ce634493af4477d156294792024ec3485acd5
  photo_manager: 4f6810b7dfc4feb03b461ac1a70dacf91fba7604
  TOCropViewController: edfd4f25713d56905ad1e0b9f5be3fbe0f59c863

PODFILE CHECKSUM: ef19549a9bc3046e7bb7d2fab4d021637c0c58a3

COCOAPODS: 1.10.1
